
Microsoft Visual Studio Solution File, Format Version 12.00
# Visual Studio 2013
VisualStudioVersion = 12.0.21005.1
MinimumVisualStudioVersion = 10.0.40219.1
Project("{FAE04EC0-301F-11D3-BF4B-00C04F79EFBC}") = "publicTransport", "proje\publicTransport.csproj", "{DFFABE30-2019-45F3-BC46-EA7F88B01C06}"
EndProject
Project("{E24C65DC-7377-472B-9ABA-BC803B73C61A}") = "WebEtus", "http://localhost:54634", "{4D7944F6-EF45-464A-AA48-91A3CB833B8F}"
	ProjectSection(WebsiteProperties) = preProject
		UseIISExpress = "true"
		TargetFrameworkMoniker = ".NETFramework,Version%3Dv4.5"
		ProjectReferences = "{dffabe30-2019-45f3-bc46-ea7f88b01c06}|proje.dll;"
		Debug.AspNetCompiler.VirtualPath = "/localhost_54634"
		Debug.AspNetCompiler.PhysicalPath = "..\..\WebSites\WebEtus\"
		Debug.AspNetCompiler.TargetPath = "PrecompiledWeb\localhost_54634\"
		Debug.AspNetCompiler.Updateable = "true"
		Debug.AspNetCompiler.ForceOverwrite = "true"
		Debug.AspNetCompiler.FixedNames = "false"
		Debug.AspNetCompiler.Debug = "True"
		Release.AspNetCompiler.VirtualPath = "/localhost_54634"
		Release.AspNetCompiler.PhysicalPath = "..\..\WebSites\WebEtus\"
		Release.AspNetCompiler.TargetPath = "PrecompiledWeb\localhost_54634\"
		Release.AspNetCompiler.Updateable = "true"
		Release.AspNetCompiler.ForceOverwrite = "true"
		Release.AspNetCompiler.FixedNames = "false"
		Release.AspNetCompiler.Debug = "False"
		SlnRelativePath = "..\..\WebSites\WebEtus\"
		DefaultWebSiteLanguage = "Visual C#"
	EndProjectSection
EndProject
Project("{FAE04EC0-301F-11D3-BF4B-00C04F79EFBC}") = "WebApiEtus", "MvcApplication1\WebApiEtus.csproj", "{877F245B-A610-4F35-BEA2-7E0191574EE0}"
EndProject
Global
	GlobalSection(SolutionConfigurationPlatforms) = preSolution
		Debug|Any CPU = Debug|Any CPU
		Release|Any CPU = Release|Any CPU
	EndGlobalSection
	GlobalSection(ProjectConfigurationPlatforms) = postSolution
		{DFFABE30-2019-45F3-BC46-EA7F88B01C06}.Debug|Any CPU.ActiveCfg = Debug|Any CPU
		{DFFABE30-2019-45F3-BC46-EA7F88B01C06}.Debug|Any CPU.Build.0 = Debug|Any CPU
		{DFFABE30-2019-45F3-BC46-EA7F88B01C06}.Release|Any CPU.ActiveCfg = Release|Any CPU
		{DFFABE30-2019-45F3-BC46-EA7F88B01C06}.Release|Any CPU.Build.0 = Release|Any CPU
		{4D7944F6-EF45-464A-AA48-91A3CB833B8F}.Debug|Any CPU.ActiveCfg = Debug|Any CPU
		{4D7944F6-EF45-464A-AA48-91A3CB833B8F}.Debug|Any CPU.Build.0 = Debug|Any CPU
		{4D7944F6-EF45-464A-AA48-91A3CB833B8F}.Release|Any CPU.ActiveCfg = Debug|Any CPU
		{4D7944F6-EF45-464A-AA48-91A3CB833B8F}.Release|Any CPU.Build.0 = Debug|Any CPU
		{877F245B-A610-4F35-BEA2-7E0191574EE0}.Debug|Any CPU.ActiveCfg = Debug|Any CPU
		{877F245B-A610-4F35-BEA2-7E0191574EE0}.Debug|Any CPU.Build.0 = Debug|Any CPU
		{877F245B-A610-4F35-BEA2-7E0191574EE0}.Release|Any CPU.ActiveCfg = Release|Any CPU
		{877F245B-A610-4F35-BEA2-7E0191574EE0}.Release|Any CPU.Build.0 = Release|Any CPU
	EndGlobalSection
	GlobalSection(SolutionProperties) = preSolution
		HideSolutionNode = FALSE
	EndGlobalSection
EndGlobal
